{
    "_readme": [
        "This file locks the dependencies of your project to a known state",
        "Read more about it at https://getcomposer.org/doc/01-basic-usage.md#installing-dependencies",
        "This file is @generated automatically"
    ],
    "content-hash": "cbe10468cfa2780edaeff3f01bdcf439",
    "packages": [
        {
            "name": "rtgroup/dbconnect",
            "version": "dev-master",
            "source": {
                "type": "git",
                "url": "https://github.com/RT-Group-Tech/dbconnect.git",
                "reference": "d729d65c9ecb232eaf79f2b109fce2565ae12a0d"
            },
            "dist": {
                "type": "zip",
                "url": "https://api.github.com/repos/RT-Group-Tech/dbconnect/zipball/d729d65c9ecb232eaf79f2b109fce2565ae12a0d",
                "reference": "d729d65c9ecb232eaf79f2b109fce2565ae12a0d",
                "shasum": ""
            },
            "require": {
                "php": ">=8.0"
            },
            "default-branch": true,
            "type": "library",
            "autoload": {
                "psr-4": {
                    "Rtgroup\\Dbconnect\\": "src/"
                }
            },
            "notification-url": "https://packagist.org/downloads/",
            "authors": [
                {
                    "name": "Chris Tenday",
                    "email": "ctenday@gmail.com"
                }
            ],
            "description": "Bibliothèque pour la gestion de la base des données et actions sql",
            "support": {
                "issues": "https://github.com/RT-Group-Tech/dbconnect/issues",
                "source": "https://github.com/RT-Group-Tech/dbconnect/tree/master"
            },
            "time": "2023-09-27T08:29:15+00:00"
        }
    ],
    "packages-dev": [],
    "aliases": [],
    "minimum-stability": "stable",
    "stability-flags": {
        "rtgroup/dbconnect": 20
    },
    "prefer-stable": false,
    "prefer-lowest": false,
    "platform": {
        "php": ">=8.0"
    },
    "platform-dev": [],
    "plugin-api-version": "2.6.0"
}
